{
  "name": "language-haxe",
  "version": "0.6.0",
  "lockfileVersion": 1,
  "requires": true,
  "dependencies": {
    "nan": {
      "version": "2.15.0",
      "resolved": "https://registry.npmjs.org/nan/-/nan-2.15.0.tgz",
      "integrity": "sha512-8ZtvEnA2c5aYCZYd1cvgdnU6cqwixRoYg70xPLWUws5ORTa/lnw+u4amixRS/Ac5U5mQVgp9pnlSUnbNWFaWZQ=="
    },
    "tree-sitter-haxe": {
      "version": "0.1.0",
      "resolved": "https://registry.npmjs.org/tree-sitter-haxe/-/tree-sitter-haxe-0.1.0.tgz",
      "integrity": "sha512-uhzG4GtA21mZhc38dstae3XLmiFYF0HfW82PLqIZ7E7nUZV3un208BiB0iOTv/uLHv3VyvNPOAVeEQ1eNL+ulQ==",
      "requires": {
        "nan": "^2.14.2"
      }
    }
  }
}
